
Microsoft Visual Studio Solution File, Format Version 12.00
# Visual Studio 14
VisualStudioVersion = 14.0.25420.1
MinimumVisualStudioVersion = 10.0.40219.1
Project("{FAE04EC0-301F-11D3-BF4B-00C04F79EFBC}") = "Domotica", "Domotica\Domotica.csproj", "{F73D21A8-6616-478A-A216-674182437173}"
EndProject
Project("{FAE04EC0-301F-11D3-BF4B-00C04F79EFBC}") = "Rest", "Rest\Rest.csproj", "{552F6B05-5408-4017-9106-68A4C25D8C68}"
EndProject
Project("{FAE04EC0-301F-11D3-BF4B-00C04F79EFBC}") = "RazerRestService", "RazerRestService\RazerRestService.csproj", "{F9EE4C8B-D981-4937-B0F6-7D6AA4E86745}"
EndProject
Global
	GlobalSection(SolutionConfigurationPlatforms) = preSolution
		Debug|Any CPU = Debug|Any CPU
		Release|Any CPU = Release|Any CPU
	EndGlobalSection
	GlobalSection(ProjectConfigurationPlatforms) = postSolution
		{F73D21A8-6616-478A-A216-674182437173}.Debug|Any CPU.ActiveCfg = Debug|Any CPU
		{F73D21A8-6616-478A-A216-674182437173}.Debug|Any CPU.Build.0 = Debug|Any CPU
		{F73D21A8-6616-478A-A216-674182437173}.Release|Any CPU.ActiveCfg = Release|Any CPU
		{F73D21A8-6616-478A-A216-674182437173}.Release|Any CPU.Build.0 = Release|Any CPU
		{552F6B05-5408-4017-9106-68A4C25D8C68}.Debug|Any CPU.ActiveCfg = Debug|Any CPU
		{552F6B05-5408-4017-9106-68A4C25D8C68}.Debug|Any CPU.Build.0 = Debug|Any CPU
		{552F6B05-5408-4017-9106-68A4C25D8C68}.Release|Any CPU.ActiveCfg = Release|Any CPU
		{552F6B05-5408-4017-9106-68A4C25D8C68}.Release|Any CPU.Build.0 = Release|Any CPU
		{F9EE4C8B-D981-4937-B0F6-7D6AA4E86745}.Debug|Any CPU.ActiveCfg = Debug|Any CPU
		{F9EE4C8B-D981-4937-B0F6-7D6AA4E86745}.Debug|Any CPU.Build.0 = Debug|Any CPU
		{F9EE4C8B-D981-4937-B0F6-7D6AA4E86745}.Release|Any CPU.ActiveCfg = Release|Any CPU
		{F9EE4C8B-D981-4937-B0F6-7D6AA4E86745}.Release|Any CPU.Build.0 = Release|Any CPU
	EndGlobalSection
	GlobalSection(SolutionProperties) = preSolution
		HideSolutionNode = FALSE
	EndGlobalSection
EndGlobal
